
Microsoft Visual Studio Solution File, Format Version 12.00
# Visual Studio 15
VisualStudioVersion = 15.0.26124.0
MinimumVisualStudioVersion = 15.0.26124.0
Project("{2150E333-8FDC-42A3-9474-1A3956D46DE8}") = "src", "src", "{304517EE-0040-4B47-908D-0A6553072009}"
EndProject
Project("{FAE04EC0-301F-11D3-BF4B-00C04F79EFBC}") = "SpringComp.IdentityServer4.Azure.Tables", "src\Azure.TableStores\SpringComp.IdentityServer4.Azure.Tables.csproj", "{28D6AAB6-6FDF-4AE4-BD0F-4B96395936C2}"
EndProject
Project("{FAE04EC0-301F-11D3-BF4B-00C04F79EFBC}") = "Host", "src\Host\Host.csproj", "{C1A437AE-94FD-45F2-B47D-F8CEE355FC6B}"
EndProject
Project("{2150E333-8FDC-42A3-9474-1A3956D46DE8}") = "test", "test", "{FDA95FC5-A1B4-4D16-8332-C86B71659699}"
EndProject
Project("{FAE04EC0-301F-11D3-BF4B-00C04F79EFBC}") = "SpringComp.IdentityServer4.Azure.Tables.IntegrationTests", "test\Azure.TableStores.IntegrationTests\SpringComp.IdentityServer4.Azure.Tables.IntegrationTests.csproj", "{EECB0340-7316-44E9-81B3-2866E9B05F71}"
EndProject
Global
	GlobalSection(SolutionConfigurationPlatforms) = preSolution
		Debug|Any CPU = Debug|Any CPU
		Debug|x64 = Debug|x64
		Debug|x86 = Debug|x86
		Release|Any CPU = Release|Any CPU
		Release|x64 = Release|x64
		Release|x86 = Release|x86
	EndGlobalSection
	GlobalSection(SolutionProperties) = preSolution
		HideSolutionNode = FALSE
	EndGlobalSection
	GlobalSection(ProjectConfigurationPlatforms) = postSolution
		{28D6AAB6-6FDF-4AE4-BD0F-4B96395936C2}.Debug|Any CPU.ActiveCfg = Debug|Any CPU
		{28D6AAB6-6FDF-4AE4-BD0F-4B96395936C2}.Debug|Any CPU.Build.0 = Debug|Any CPU
		{28D6AAB6-6FDF-4AE4-BD0F-4B96395936C2}.Debug|x64.ActiveCfg = Debug|Any CPU
		{28D6AAB6-6FDF-4AE4-BD0F-4B96395936C2}.Debug|x64.Build.0 = Debug|Any CPU
		{28D6AAB6-6FDF-4AE4-BD0F-4B96395936C2}.Debug|x86.ActiveCfg = Debug|Any CPU
		{28D6AAB6-6FDF-4AE4-BD0F-4B96395936C2}.Debug|x86.Build.0 = Debug|Any CPU
		{28D6AAB6-6FDF-4AE4-BD0F-4B96395936C2}.Release|Any CPU.ActiveCfg = Release|Any CPU
		{28D6AAB6-6FDF-4AE4-BD0F-4B96395936C2}.Release|Any CPU.Build.0 = Release|Any CPU
		{28D6AAB6-6FDF-4AE4-BD0F-4B96395936C2}.Release|x64.ActiveCfg = Release|Any CPU
		{28D6AAB6-6FDF-4AE4-BD0F-4B96395936C2}.Release|x64.Build.0 = Release|Any CPU
		{28D6AAB6-6FDF-4AE4-BD0F-4B96395936C2}.Release|x86.ActiveCfg = Release|Any CPU
		{28D6AAB6-6FDF-4AE4-BD0F-4B96395936C2}.Release|x86.Build.0 = Release|Any CPU
		{C1A437AE-94FD-45F2-B47D-F8CEE355FC6B}.Debug|Any CPU.ActiveCfg = Debug|Any CPU
		{C1A437AE-94FD-45F2-B47D-F8CEE355FC6B}.Debug|Any CPU.Build.0 = Debug|Any CPU
		{C1A437AE-94FD-45F2-B47D-F8CEE355FC6B}.Debug|x64.ActiveCfg = Debug|Any CPU
		{C1A437AE-94FD-45F2-B47D-F8CEE355FC6B}.Debug|x64.Build.0 = Debug|Any CPU
		{C1A437AE-94FD-45F2-B47D-F8CEE355FC6B}.Debug|x86.ActiveCfg = Debug|Any CPU
		{C1A437AE-94FD-45F2-B47D-F8CEE355FC6B}.Debug|x86.Build.0 = Debug|Any CPU
		{C1A437AE-94FD-45F2-B47D-F8CEE355FC6B}.Release|Any CPU.ActiveCfg = Release|Any CPU
		{C1A437AE-94FD-45F2-B47D-F8CEE355FC6B}.Release|Any CPU.Build.0 = Release|Any CPU
		{C1A437AE-94FD-45F2-B47D-F8CEE355FC6B}.Release|x64.ActiveCfg = Release|Any CPU
		{C1A437AE-94FD-45F2-B47D-F8CEE355FC6B}.Release|x64.Build.0 = Release|Any CPU
		{C1A437AE-94FD-45F2-B47D-F8CEE355FC6B}.Release|x86.ActiveCfg = Release|Any CPU
		{C1A437AE-94FD-45F2-B47D-F8CEE355FC6B}.Release|x86.Build.0 = Release|Any CPU
		{EECB0340-7316-44E9-81B3-2866E9B05F71}.Debug|Any CPU.ActiveCfg = Debug|Any CPU
		{EECB0340-7316-44E9-81B3-2866E9B05F71}.Debug|Any CPU.Build.0 = Debug|Any CPU
		{EECB0340-7316-44E9-81B3-2866E9B05F71}.Debug|x64.ActiveCfg = Debug|Any CPU
		{EECB0340-7316-44E9-81B3-2866E9B05F71}.Debug|x64.Build.0 = Debug|Any CPU
		{EECB0340-7316-44E9-81B3-2866E9B05F71}.Debug|x86.ActiveCfg = Debug|Any CPU
		{EECB0340-7316-44E9-81B3-2866E9B05F71}.Debug|x86.Build.0 = Debug|Any CPU
		{EECB0340-7316-44E9-81B3-2866E9B05F71}.Release|Any CPU.ActiveCfg = Release|Any CPU
		{EECB0340-7316-44E9-81B3-2866E9B05F71}.Release|Any CPU.Build.0 = Release|Any CPU
		{EECB0340-7316-44E9-81B3-2866E9B05F71}.Release|x64.ActiveCfg = Release|Any CPU
		{EECB0340-7316-44E9-81B3-2866E9B05F71}.Release|x64.Build.0 = Release|Any CPU
		{EECB0340-7316-44E9-81B3-2866E9B05F71}.Release|x86.ActiveCfg = Release|Any CPU
		{EECB0340-7316-44E9-81B3-2866E9B05F71}.Release|x86.Build.0 = Release|Any CPU
	EndGlobalSection
	GlobalSection(NestedProjects) = preSolution
		{28D6AAB6-6FDF-4AE4-BD0F-4B96395936C2} = {304517EE-0040-4B47-908D-0A6553072009}
		{C1A437AE-94FD-45F2-B47D-F8CEE355FC6B} = {304517EE-0040-4B47-908D-0A6553072009}
		{EECB0340-7316-44E9-81B3-2866E9B05F71} = {FDA95FC5-A1B4-4D16-8332-C86B71659699}
	EndGlobalSection
EndGlobal
